
Microsoft Visual Studio Solution File, Format Version 12.00
# Visual Studio Version 16
VisualStudioVersion = 16.0.31729.503
MinimumVisualStudioVersion = 10.0.40219.1
Project("{FAE04EC0-301F-11D3-BF4B-00C04F79EFBC}") = "RentalKendaraan", "RentalKendaraan\RentalKendaraan.csproj", "{0FA7412B-67D3-492B-B9CD-2AD37F03CAFE}"
EndProject
Global
	GlobalSection(SolutionConfigurationPlatforms) = preSolution
		Debug|Any CPU = Debug|Any CPU
		Release|Any CPU = Release|Any CPU
	EndGlobalSection
	GlobalSection(ProjectConfigurationPlatforms) = postSolution
		{0FA7412B-67D3-492B-B9CD-2AD37F03CAFE}.Debug|Any CPU.ActiveCfg = Debug|Any CPU
		{0FA7412B-67D3-492B-B9CD-2AD37F03CAFE}.Debug|Any CPU.Build.0 = Debug|Any CPU
		{0FA7412B-67D3-492B-B9CD-2AD37F03CAFE}.Release|Any CPU.ActiveCfg = Release|Any CPU
		{0FA7412B-67D3-492B-B9CD-2AD37F03CAFE}.Release|Any CPU.Build.0 = Release|Any CPU
	EndGlobalSection
	GlobalSection(SolutionProperties) = preSolution
		HideSolutionNode = FALSE
	EndGlobalSection
	GlobalSection(ExtensibilityGlobals) = postSolution
		SolutionGuid = {04CB402D-B344-4BB1-BA61-A0B06E7E2982}
	EndGlobalSection
EndGlobal
